
Microsoft Visual Studio Solution File, Format Version 12.00
# Visual Studio Version 17
VisualStudioVersion = 17.11.35222.181
MinimumVisualStudioVersion = 10.0.40219.1
Project("{9A19103F-16F7-4668-BE54-9A1E7A4F7556}") = "CNWEB22CT1", "CNWEB22CT1\CNWEB22CT1.csproj", "{880D0390-8EA9-4556-BF84-ED4B0864D520}"
EndProject
Global
	GlobalSection(SolutionConfigurationPlatforms) = preSolution
		Debug|Any CPU = Debug|Any CPU
		Release|Any CPU = Release|Any CPU
	EndGlobalSection
	GlobalSection(ProjectConfigurationPlatforms) = postSolution
		{880D0390-8EA9-4556-BF84-ED4B0864D520}.Debug|Any CPU.ActiveCfg = Debug|Any CPU
		{880D0390-8EA9-4556-BF84-ED4B0864D520}.Debug|Any CPU.Build.0 = Debug|Any CPU
		{880D0390-8EA9-4556-BF84-ED4B0864D520}.Release|Any CPU.ActiveCfg = Release|Any CPU
		{880D0390-8EA9-4556-BF84-ED4B0864D520}.Release|Any CPU.Build.0 = Release|Any CPU
	EndGlobalSection
	GlobalSection(SolutionProperties) = preSolution
		HideSolutionNode = FALSE
	EndGlobalSection
	GlobalSection(ExtensibilityGlobals) = postSolution
		SolutionGuid = {66E58E8F-38D4-49AC-BD75-107FA66CCEA8}
	EndGlobalSection
EndGlobal
